// !$*UTF8*$!
{
	archiveVersion = 1;
	classes = {
	};
	objectVersion = 51;
	objects = {

/* Begin PBXBuildFile section */
		1D59A5842725B00B00658E74 /* Utils.swift in Sources */ = {isa = PBXBuildFile; fileRef = 1D59A5832725B00B00658E74 /* Utils.swift */; };
		1D59A5872725CED400658E74 /* SubscriptionViewModel.swift in Sources */ = {isa = PBXBuildFile; fileRef = 1D59A5862725CED400658E74 /* SubscriptionViewModel.swift */; };
		1D59A58A272669C000658E74 /* CheckoutView.swift in Sources */ = {isa = PBXBuildFile; fileRef = 1D59A589272669C000658E74 /* CheckoutView.swift */; };
		1DD35C832725388F00B3AE6B /* StripeSubscriptionPaymentApp.swift in Sources */ = {isa = PBXBuildFile; fileRef = 1DD35C822725388F00B3AE6B /* StripeSubscriptionPaymentApp.swift */; };
		1DD35C852725388F00B3AE6B /* ContentView.swift in Sources */ = {isa = PBXBuildFile; fileRef = 1DD35C842725388F00B3AE6B /* ContentView.swift */; };
		1DD35C872725389100B3AE6B /* Assets.xcassets in Resources */ = {isa = PBXBuildFile; fileRef = 1DD35C862725389100B3AE6B /* Assets.xcassets */; };
		1DD35C8A2725389100B3AE6B /* Preview Assets.xcassets in Resources */ = {isa = PBXBuildFile; fileRef = 1DD35C892725389100B3AE6B /* Preview Assets.xcassets */; };
		1DD35C9D272543A300B3AE6B /* AppDelegate.swift in Sources */ = {isa = PBXBuildFile; fileRef = 1DD35C9C272543A300B3AE6B /* AppDelegate.swift */; };
		1DD35CA22725445300B3AE6B /* AppConstants.swift in Sources */ = {isa = PBXBuildFile; fileRef = 1DD35CA12725445300B3AE6B /* AppConstants.swift */; };
		1DD35CA827254D8800B3AE6B /* SubscriptionResponse.swift in Sources */ = {isa = PBXBuildFile; fileRef = 1DD35CA727254D8800B3AE6B /* SubscriptionResponse.swift */; };
		1DD35CAB2725907500B3AE6B /* SubscriptionService.swift in Sources */ = {isa = PBXBuildFile; fileRef = 1DD35CAA2725907500B3AE6B /* SubscriptionService.swift */; };
		1DD35CAE27259BA300B3AE6B /* SubscriptionResponseCallback.swift in Sources */ = {isa = PBXBuildFile; fileRef = 1DD35CAD27259BA300B3AE6B /* SubscriptionResponseCallback.swift */; };
		F35F2FF45B48C1EF878C3E71 /* Pods_Stripe_Subscription_Payment.framework in Frameworks */ = {isa = PBXBuildFile; fileRef = 28DE312EA5B031C4AC93D786 /* Pods_Stripe_Subscription_Payment.framework */; };
/* End PBXBuildFile section */

/* Begin PBXFileReference section */
		0787676299552E1ABD151400 /* Pods-Stripe Subscription Payment.release.xcconfig */ = {isa = PBXFileReference; includeInIndex = 1; lastKnownFileType = text.xcconfig; name = "Pods-Stripe Subscription Payment.release.xcconfig"; path = "Target Support Files/Pods-Stripe Subscription Payment/Pods-Stripe Subscription Payment.release.xcconfig"; sourceTree = "<group>"; };
		1D59A5832725B00B00658E74 /* Utils.swift */ = {isa = PBXFileReference; lastKnownFileType = sourcecode.swift; path = Utils.swift; sourceTree = "<group>"; };
		1D59A5862725CED400658E74 /* SubscriptionViewModel.swift */ = {isa = PBXFileReference; lastKnownFileType = sourcecode.swift; path = SubscriptionViewModel.swift; sourceTree = "<group>"; };
		1D59A589272669C000658E74 /* CheckoutView.swift */ = {isa = PBXFileReference; lastKnownFileType = sourcecode.swift; path = CheckoutView.swift; sourceTree = "<group>"; };
		1DD35C7F2725388F00B3AE6B /* Stripe Subscription Payment.app */ = {isa = PBXFileReference; explicitFileType = wrapper.application; includeInIndex = 0; path = "Stripe Subscription Payment.app"; sourceTree = BUILT_PRODUCTS_DIR; };
		1DD35C822725388F00B3AE6B /* StripeSubscriptionPaymentApp.swift */ = {isa = PBXFileReference; lastKnownFileType = sourcecode.swift; path = StripeSubscriptionPaymentApp.swift; sourceTree = "<group>"; };
		1DD35C842725388F00B3AE6B /* ContentView.swift */ = {isa = PBXFileReference; lastKnownFileType = sourcecode.swift; path = ContentView.swift; sourceTree = "<group>"; };
		1DD35C862725389100B3AE6B /* Assets.xcassets */ = {isa = PBXFileReference; lastKnownFileType = folder.assetcatalog; path = Assets.xcassets; sourceTree = "<group>"; };
		1DD35C892725389100B3AE6B /* Preview Assets.xcassets */ = {isa = PBXFileReference; lastKnownFileType = folder.assetcatalog; path = "Preview Assets.xcassets"; sourceTree = "<group>"; };
		1DD35C8B2725389100B3AE6B /* Info.plist */ = {isa = PBXFileReference; lastKnownFileType = text.plist.xml; path = Info.plist; sourceTree = "<group>"; };
		1DD35C9C272543A300B3AE6B /* AppDelegate.swift */ = {isa = PBXFileReference; lastKnownFileType = sourcecode.swift; path = AppDelegate.swift; sourceTree = "<group>"; };
		1DD35CA12725445300B3AE6B /* AppConstants.swift */ = {isa = PBXFileReference; lastKnownFileType = sourcecode.swift; path = AppConstants.swift; sourceTree = "<group>"; };
		1DD35CA727254D8800B3AE6B /* SubscriptionResponse.swift */ = {isa = PBXFileReference; lastKnownFileType = sourcecode.swift; path = SubscriptionResponse.swift; sourceTree = "<group>"; };
		1DD35CAA2725907500B3AE6B /* SubscriptionService.swift */ = {isa = PBXFileReference; lastKnownFileType = sourcecode.swift; path = SubscriptionService.swift; sourceTree = "<group>"; };
		1DD35CAD27259BA300B3AE6B /* SubscriptionResponseCallback.swift */ = {isa = PBXFileReference; lastKnownFileType = sourcecode.swift; path = SubscriptionResponseCallback.swift; sourceTree = "<group>"; };
		28DE312EA5B031C4AC93D786 /* Pods_Stripe_Subscription_Payment.framework */ = {isa = PBXFileReference; explicitFileType = wrapper.framework; includeInIndex = 0; path = Pods_Stripe_Subscription_Payment.framework; sourceTree = BUILT_PRODUCTS_DIR; };
		3B3DF83FA12D9414B9CBBCD6 /* Pods-Stripe Subscription Payment.debug.xcconfig */ = {isa = PBXFileReference; includeInIndex = 1; lastKnownFileType = text.xcconfig; name = "Pods-Stripe Subscription Payment.debug.xcconfig"; path = "Target Support Files/Pods-Stripe Subscription Payment/Pods-Stripe Subscription Payment.debug.xcconfig"; sourceTree = "<group>"; };
/* End PBXFileReference section */

/* Begin PBXFrameworksBuildPhase section */
		1DD35C7C2725388F00B3AE6B /* Frameworks */ = {
			isa = PBXFrameworksBuildPhase;
			buildActionMask = 2147483647;
			files = (
				F35F2FF45B48C1EF878C3E71 /* Pods_Stripe_Subscription_Payment.framework in Frameworks */,
			);
			runOnlyForDeploymentPostprocessing = 0;
		};
/* End PBXFrameworksBuildPhase section */

/* Begin PBXGroup section */
		0E7EC2DA1CFA04723C94012E /* Frameworks */ = {
			isa = PBXGroup;
			children = (
				28DE312EA5B031C4AC93D786 /* Pods_Stripe_Subscription_Payment.framework */,
			);
			name = Frameworks;
			sourceTree = "<group>";
		};
		1D6F6CAA2727284A0004993C /* utils */ = {
			isa = PBXGroup;
			children = (
				1DD35CA12725445300B3AE6B /* AppConstants.swift */,
				1D59A5832725B00B00658E74 /* Utils.swift */,
			);
			path = utils;
			sourceTree = "<group>";
		};
		1D6F6CAB272728620004993C /* api */ = {
			isa = PBXGroup;
			children = (
				1DD35CAA2725907500B3AE6B /* SubscriptionService.swift */,
			);
			path = api;
			sourceTree = "<group>";
		};
		1D6F6CAC272728800004993C /* models */ = {
			isa = PBXGroup;
			children = (
				1DD35CA727254D8800B3AE6B /* SubscriptionResponse.swift */,
				1DD35CAD27259BA300B3AE6B /* SubscriptionResponseCallback.swift */,
			);
			path = models;
			sourceTree = "<group>";
		};
		1D6F6CAD272728980004993C /* views */ = {
			isa = PBXGroup;
			children = (
				1D59A5862725CED400658E74 /* SubscriptionViewModel.swift */,
				1D59A589272669C000658E74 /* CheckoutView.swift */,
			);
			path = views;
			sourceTree = "<group>";
		};
		1DD35C762725388F00B3AE6B = {
			isa = PBXGroup;
			children = (
				1DD35C812725388F00B3AE6B /* Stripe */,
				1DD35C802725388F00B3AE6B /* Products */,
				3A928DB5B5E39A23C3587984 /* Pods */,
				0E7EC2DA1CFA04723C94012E /* Frameworks */,
			);
			sourceTree = "<group>";
		};
		1DD35C802725388F00B3AE6B /* Products */ = {
			isa = PBXGroup;
			children = (
				1DD35C7F2725388F00B3AE6B /* Stripe Subscription Payment.app */,
			);
			name = Products;
			sourceTree = "<group>";
		};
		1DD35C812725388F00B3AE6B /* Stripe */ = {
			isa = PBXGroup;
			children = (
				1D6F6CAD272728980004993C /* views */,
				1D6F6CAC272728800004993C /* models */,
				1D6F6CAB272728620004993C /* api */,
				1D6F6CAA2727284A0004993C /* utils */,
				1DD35C822725388F00B3AE6B /* StripeSubscriptionPaymentApp.swift */,
				1DD35C842725388F00B3AE6B /* ContentView.swift */,
				1DD35C862725389100B3AE6B /* Assets.xcassets */,
				1DD35C8B2725389100B3AE6B /* Info.plist */,
				1DD35C882725389100B3AE6B /* Preview Content */,
				1DD35C9C272543A300B3AE6B /* AppDelegate.swift */,
			);
			path = Stripe;
			sourceTree = "<group>";
		};
		1DD35C882725389100B3AE6B /* Preview Content */ = {
			isa = PBXGroup;
			children = (
				1DD35C892725389100B3AE6B /* Preview Assets.xcassets */,
			);
			path = "Preview Content";
			sourceTree = "<group>";
		};
		3A928DB5B5E39A23C3587984 /* Pods */ = {
			isa = PBXGroup;
			children = (
				3B3DF83FA12D9414B9CBBCD6 /* Pods-Stripe Subscription Payment.debug.xcconfig */,
				0787676299552E1ABD151400 /* Pods-Stripe Subscription Payment.release.xcconfig */,
			);
			path = Pods;
			sourceTree = "<group>";
		};
/* End PBXGroup section */

/* Begin PBXNativeTarget section */
		1DD35C7E2725388F00B3AE6B /* Stripe Subscription Payment */ = {
			isa = PBXNativeTarget;
			buildConfigurationList = 1DD35C8E2725389100B3AE6B /* Build configuration list for PBXNativeTarget "Stripe Subscription Payment" */;
			buildPhases = (
				D0CBFCDADCBA8B7B66027602 /* [CP] Check Pods Manifest.lock */,
				1DD35C7B2725388F00B3AE6B /* Sources */,
				1DD35C7C2725388F00B3AE6B /* Frameworks */,
				1DD35C7D2725388F00B3AE6B /* Resources */,
				7D3E9ED3FE5F2E5E1AFA3012 /* [CP] Embed Pods Frameworks */,
			);
			buildRules = (
			);
			dependencies = (
			);
			name = "Stripe Subscription Payment";
			productName = "Stripe Subscription Payment";
			productReference = 1DD35C7F2725388F00B3AE6B /* Stripe Subscription Payment.app */;
			productType = "com.apple.product-type.application";
		};
/* End PBXNativeTarget section */

/* Begin PBXProject section */
		1DD35C772725388F00B3AE6B /* Project object */ = {
			isa = PBXProject;
			attributes = {
				LastSwiftUpdateCheck = 1230;
				LastUpgradeCheck = 1230;
				TargetAttributes = {
					1DD35C7E2725388F00B3AE6B = {
						CreatedOnToolsVersion = 12.3;
					};
				};
			};
			buildConfigurationList = 1DD35C7A2725388F00B3AE6B /* Build configuration list for PBXProject "StripeSubscriptionPayment" */;
			compatibilityVersion = "Xcode 9.3";
			developmentRegion = en;
			hasScannedForEncodings = 0;
			knownRegions = (
				en,
				Base,
			);
			mainGroup = 1DD35C762725388F00B3AE6B;
			productRefGroup = 1DD35C802725388F00B3AE6B /* Products */;
			projectDirPath = "";
			projectRoot = "";
			targets = (
				1DD35C7E2725388F00B3AE6B /* Stripe Subscription Payment */,
			);
		};
/* End PBXProject section */

/* Begin PBXResourcesBuildPhase section */
		1DD35C7D2725388F00B3AE6B /* Resources */ = {
			isa = PBXResourcesBuildPhase;
			buildActionMask = 2147483647;
			files = (
				1DD35C8A2725389100B3AE6B /* Preview Assets.xcassets in Resources */,
				1DD35C872725389100B3AE6B /* Assets.xcassets in Resources */,
			);
			runOnlyForDeploymentPostprocessing = 0;
		};
/* End PBXResourcesBuildPhase section */

/* Begin PBXShellScriptBuildPhase section */
		7D3E9ED3FE5F2E5E1AFA3012 /* [CP] Embed Pods Frameworks */ = {
			isa = PBXShellScriptBuildPhase;
			buildActionMask = 2147483647;
			files = (
			);
			inputFileListPaths = (
				"${PODS_ROOT}/Target Support Files/Pods-Stripe Subscription Payment/Pods-Stripe Subscription Payment-frameworks-${CONFIGURATION}-input-files.xcfilelist",
			);
			name = "[CP] Embed Pods Frameworks";
			outputFileListPaths = (
				"${PODS_ROOT}/Target Support Files/Pods-Stripe Subscription Payment/Pods-Stripe Subscription Payment-frameworks-${CONFIGURATION}-output-files.xcfilelist",
			);
			runOnlyForDeploymentPostprocessing = 0;
			shellPath = /bin/sh;
			shellScript = "\"${PODS_ROOT}/Target Support Files/Pods-Stripe Subscription Payment/Pods-Stripe Subscription Payment-frameworks.sh\"\n";
			showEnvVarsInLog = 0;
		};
		D0CBFCDADCBA8B7B66027602 /* [CP] Check Pods Manifest.lock */ = {
			isa = PBXShellScriptBuildPhase;
			buildActionMask = 2147483647;
			files = (
			);
			inputFileListPaths = (
			);
			inputPaths = (
				"${PODS_PODFILE_DIR_PATH}/Podfile.lock",
				"${PODS_ROOT}/Manifest.lock",
			);
			name = "[CP] Check Pods Manifest.lock";
			outputFileListPaths = (
			);
			outputPaths = (
				"$(DERIVED_FILE_DIR)/Pods-Stripe Subscription Payment-checkManifestLockResult.txt",
			);
			runOnlyForDeploymentPostprocessing = 0;
			shellPath = /bin/sh;
			shellScript = "diff \"${PODS_PODFILE_DIR_PATH}/Podfile.lock\" \"${PODS_ROOT}/Manifest.lock\" > /dev/null\nif [ $? != 0 ] ; then\n    # print error to STDERR\n    echo \"error: The sandbox is not in sync with the Podfile.lock. Run 'pod install' or update your CocoaPods installation.\" >&2\n    exit 1\nfi\n# This output is used by Xcode 'outputs' to avoid re-running this script phase.\necho \"SUCCESS\" > \"${SCRIPT_OUTPUT_FILE_0}\"\n";
			showEnvVarsInLog = 0;
		};
/* End PBXShellScriptBuildPhase section */

/* Begin PBXSourcesBuildPhase section */
		1DD35C7B2725388F00B3AE6B /* Sources */ = {
			isa = PBXSourcesBuildPhase;
			buildActionMask = 2147483647;
			files = (
				1DD35C9D272543A300B3AE6B /* AppDelegate.swift in Sources */,
				1DD35C852725388F00B3AE6B /* ContentView.swift in Sources */,
				1D59A58A272669C000658E74 /* CheckoutView.swift in Sources */,
				1DD35CAB2725907500B3AE6B /* SubscriptionService.swift in Sources */,
				1D59A5872725CED400658E74 /* SubscriptionViewModel.swift in Sources */,
				1DD35C832725388F00B3AE6B /* StripeSubscriptionPaymentApp.swift in Sources */,
				1DD35CA827254D8800B3AE6B /* SubscriptionResponse.swift in Sources */,
				1DD35CA22725445300B3AE6B /* AppConstants.swift in Sources */,
				1DD35CAE27259BA300B3AE6B /* SubscriptionResponseCallback.swift in Sources */,
				1D59A5842725B00B00658E74 /* Utils.swift in Sources */,
			);
			runOnlyForDeploymentPostprocessing = 0;
		};
/* End PBXSourcesBuildPhase section */

/* Begin XCBuildConfiguration section */
		1DD35C8C2725389100B3AE6B /* Debug */ = {
			isa = XCBuildConfiguration;
			buildSettings = {
				ALWAYS_SEARCH_USER_PATHS = NO;
				CLANG_ANALYZER_NONNULL = YES;
				CLANG_ANALYZER_NUMBER_OBJECT_CONVERSION = YES_AGGRESSIVE;
				CLANG_CXX_LANGUAGE_STANDARD = "gnu++14";
				CLANG_CXX_LIBRARY = "libc++";
				CLANG_ENABLE_MODULES = YES;
				CLANG_ENABLE_OBJC_ARC = YES;
				CLANG_ENABLE_OBJC_WEAK = YES;
				CLANG_WARN_BLOCK_CAPTURE_AUTORELEASING = YES;
				CLANG_WARN_BOOL_CONVERSION = YES;
				CLANG_WARN_COMMA = YES;
				CLANG_WARN_CONSTANT_CONVERSION = YES;
				CLANG_WARN_DEPRECATED_OBJC_IMPLEMENTATIONS = YES;
				CLANG_WARN_DIRECT_OBJC_ISA_USAGE = YES_ERROR;
				CLANG_WARN_DOCUMENTATION_COMMENTS = YES;
				CLANG_WARN_EMPTY_BODY = YES;
				CLANG_WARN_ENUM_CONVERSION = YES;
				CLANG_WARN_INFINITE_RECURSION = YES;
				CLANG_WARN_INT_CONVERSION = YES;
				CLANG_WARN_NON_LITERAL_NULL_CONVERSION = YES;
				CLANG_WARN_OBJC_IMPLICIT_RETAIN_SELF = YES;
				CLANG_WARN_OBJC_LITERAL_CONVERSION = YES;
				CLANG_WARN_OBJC_ROOT_CLASS = YES_ERROR;
				CLANG_WARN_QUOTED_INCLUDE_IN_FRAMEWORK_HEADER = YES;
				CLANG_WARN_RANGE_LOOP_ANALYSIS = YES;
				CLANG_WARN_STRICT_PROTOTYPES = YES;
				CLANG_WARN_SUSPICIOUS_MOVE = YES;
				CLANG_WARN_UNGUARDED_AVAILABILITY = YES_AGGRESSIVE;
				CLANG_WARN_UNREACHABLE_CODE = YES;
				CLANG_WARN__DUPLICATE_METHOD_MATCH = YES;
				COPY_PHASE_STRIP = NO;
				DEBUG_INFORMATION_FORMAT = dwarf;
				ENABLE_STRICT_OBJC_MSGSEND = YES;
				ENABLE_TESTABILITY = YES;
				GCC_C_LANGUAGE_STANDARD = gnu11;
				GCC_DYNAMIC_NO_PIC = NO;
				GCC_NO_COMMON_BLOCKS = YES;
				GCC_OPTIMIZATION_LEVEL = 0;
				GCC_PREPROCESSOR_DEFINITIONS = (
					"DEBUG=1",
					"$(inherited)",
				);
				GCC_WARN_64_TO_32_BIT_CONVERSION = YES;
				GCC_WARN_ABOUT_RETURN_TYPE = YES_ERROR;
				GCC_WARN_UNDECLARED_SELECTOR = YES;
				GCC_WARN_UNINITIALIZED_AUTOS = YES_AGGRESSIVE;
				GCC_WARN_UNUSED_FUNCTION = YES;
				GCC_WARN_UNUSED_VARIABLE = YES;
				IPHONEOS_DEPLOYMENT_TARGET = 14.3;
				MTL_ENABLE_DEBUG_INFO = INCLUDE_SOURCE;
				MTL_FAST_MATH = YES;
				ONLY_ACTIVE_ARCH = YES;
				SDKROOT = iphoneos;
				SWIFT_ACTIVE_COMPILATION_CONDITIONS = DEBUG;
				SWIFT_OPTIMIZATION_LEVEL = "-Onone";
			};
			name = Debug;
		};
		1DD35C8D2725389100B3AE6B /* Release */ = {
			isa = XCBuildConfiguration;
			buildSettings = {
				ALWAYS_SEARCH_USER_PATHS = NO;
				CLANG_ANALYZER_NONNULL = YES;
				CLANG_ANALYZER_NUMBER_OBJECT_CONVERSION = YES_AGGRESSIVE;
				CLANG_CXX_LANGUAGE_STANDARD = "gnu++14";
				CLANG_CXX_LIBRARY = "libc++";
				CLANG_ENABLE_MODULES = YES;
				CLANG_ENABLE_OBJC_ARC = YES;
				CLANG_ENABLE_OBJC_WEAK = YES;
				CLANG_WARN_BLOCK_CAPTURE_AUTORELEASING = YES;
				CLANG_WARN_BOOL_CONVERSION = YES;
				CLANG_WARN_COMMA = YES;
				CLANG_WARN_CONSTANT_CONVERSION = YES;
				CLANG_WARN_DEPRECATED_OBJC_IMPLEMENTATIONS = YES;
				CLANG_WARN_DIRECT_OBJC_ISA_USAGE = YES_ERROR;
				CLANG_WARN_DOCUMENTATION_COMMENTS = YES;
				CLANG_WARN_EMPTY_BODY = YES;
				CLANG_WARN_ENUM_CONVERSION = YES;
				CLANG_WARN_INFINITE_RECURSION = YES;
				CLANG_WARN_INT_CONVERSION = YES;
				CLANG_WARN_NON_LITERAL_NULL_CONVERSION = YES;
				CLANG_WARN_OBJC_IMPLICIT_RETAIN_SELF = YES;
				CLANG_WARN_OBJC_LITERAL_CONVERSION = YES;
				CLANG_WARN_OBJC_ROOT_CLASS = YES_ERROR;
				CLANG_WARN_QUOTED_INCLUDE_IN_FRAMEWORK_HEADER = YES;
				CLANG_WARN_RANGE_LOOP_ANALYSIS = YES;
				CLANG_WARN_STRICT_PROTOTYPES = YES;
				CLANG_WARN_SUSPICIOUS_MOVE = YES;
				CLANG_WARN_UNGUARDED_AVAILABILITY = YES_AGGRESSIVE;
				CLANG_WARN_UNREACHABLE_CODE = YES;
				CLANG_WARN__DUPLICATE_METHOD_MATCH = YES;
				COPY_PHASE_STRIP = NO;
				DEBUG_INFORMATION_FORMAT = "dwarf-with-dsym";
				ENABLE_NS_ASSERTIONS = NO;
				ENABLE_STRICT_OBJC_MSGSEND = YES;
				GCC_C_LANGUAGE_STANDARD = gnu11;
				GCC_NO_COMMON_BLOCKS = YES;
				GCC_WARN_64_TO_32_BIT_CONVERSION = YES;
				GCC_WARN_ABOUT_RETURN_TYPE = YES_ERROR;
				GCC_WARN_UNDECLARED_SELECTOR = YES;
				GCC_WARN_UNINITIALIZED_AUTOS = YES_AGGRESSIVE;
				GCC_WARN_UNUSED_FUNCTION = YES;
				GCC_WARN_UNUSED_VARIABLE = YES;
				IPHONEOS_DEPLOYMENT_TARGET = 14.3;
				MTL_ENABLE_DEBUG_INFO = NO;
				MTL_FAST_MATH = YES;
				SDKROOT = iphoneos;
				SWIFT_COMPILATION_MODE = wholemodule;
				SWIFT_OPTIMIZATION_LEVEL = "-O";
				VALIDATE_PRODUCT = YES;
			};
			name = Release;
		};
		1DD35C8F2725389100B3AE6B /* Debug */ = {
			isa = XCBuildConfiguration;
			baseConfigurationReference = 3B3DF83FA12D9414B9CBBCD6 /* Pods-Stripe Subscription Payment.debug.xcconfig */;
			buildSettings = {
				ASSETCATALOG_COMPILER_APPICON_NAME = AppIcon;
				ASSETCATALOG_COMPILER_GLOBAL_ACCENT_COLOR_NAME = AccentColor;
				CODE_SIGN_STYLE = Automatic;
				DEVELOPMENT_ASSET_PATHS = "\"Stripe/Preview Content\"";
				DEVELOPMENT_TEAM = W27ZF7TUZU;
				ENABLE_PREVIEWS = YES;
				INFOPLIST_FILE = Stripe/Info.plist;
				IPHONEOS_DEPLOYMENT_TARGET = 14.0;
				LD_RUNPATH_SEARCH_PATHS = (
					"$(inherited)",
					"@executable_path/Frameworks",
				);
				PRODUCT_BUNDLE_IDENTIFIER = "com.vikas.Stripe-Subscription-Payment";
				PRODUCT_NAME = "$(TARGET_NAME)";
				SWIFT_VERSION = 5.0;
				TARGETED_DEVICE_FAMILY = "1,2";
			};
			name = Debug;
		};
		1DD35C902725389100B3AE6B /* Release */ = {
			isa = XCBuildConfiguration;
			baseConfigurationReference = 0787676299552E1ABD151400 /* Pods-Stripe Subscription Payment.release.xcconfig */;
			buildSettings = {
				ASSETCATALOG_COMPILER_APPICON_NAME = AppIcon;
				ASSETCATALOG_COMPILER_GLOBAL_ACCENT_COLOR_NAME = AccentColor;
				CODE_SIGN_STYLE = Automatic;
				DEVELOPMENT_ASSET_PATHS = "\"Stripe/Preview Content\"";
				DEVELOPMENT_TEAM = W27ZF7TUZU;
				ENABLE_PREVIEWS = YES;
				INFOPLIST_FILE = Stripe/Info.plist;
				IPHONEOS_DEPLOYMENT_TARGET = 14.0;
				LD_RUNPATH_SEARCH_PATHS = (
					"$(inherited)",
					"@executable_path/Frameworks",
				);
				PRODUCT_BUNDLE_IDENTIFIER = "com.vikas.Stripe-Subscription-Payment";
				PRODUCT_NAME = "$(TARGET_NAME)";
				SWIFT_VERSION = 5.0;
				TARGETED_DEVICE_FAMILY = "1,2";
			};
			name = Release;
		};
/* End XCBuildConfiguration section */

/* Begin XCConfigurationList section */
		1DD35C7A2725388F00B3AE6B /* Build configuration list for PBXProject "StripeSubscriptionPayment" */ = {
			isa = XCConfigurationList;
			buildConfigurations = (
				1DD35C8C2725389100B3AE6B /* Debug */,
				1DD35C8D2725389100B3AE6B /* Release */,
			);
			defaultConfigurationIsVisible = 0;
			defaultConfigurationName = Release;
		};
		1DD35C8E2725389100B3AE6B /* Build configuration list for PBXNativeTarget "Stripe Subscription Payment" */ = {
			isa = XCConfigurationList;
			buildConfigurations = (
				1DD35C8F2725389100B3AE6B /* Debug */,
				1DD35C902725389100B3AE6B /* Release */,
			);
			defaultConfigurationIsVisible = 0;
			defaultConfigurationName = Release;
		};
/* End XCConfigurationList section */
	};
	rootObject = 1DD35C772725388F00B3AE6B /* Project object */;
}
